
Microsoft Visual Studio Solution File, Format Version 12.00
# Visual Studio Version 17
VisualStudioVersion = 17.0.31903.59
MinimumVisualStudioVersion = 10.0.40219.1
Project("{FAE04EC0-301F-11D3-BF4B-00C04F79EFBC}") = "Payroll.Web.Api", "Payroll.Web.Api\Payroll.Web.Api.csproj", "{DCED4B9F-4D8A-43C7-85F3-69FD797BE02C}"
EndProject
Project("{FAE04EC0-301F-11D3-BF4B-00C04F79EFBC}") = "Payroll.Library", "Payroll.Library\Payroll.Library.csproj", "{C44C9FB1-103A-4BCF-A384-15F01B2D84E7}"
EndProject
Project("{FAE04EC0-301F-11D3-BF4B-00C04F79EFBC}") = "Payroll.Data.Ef", "Payroll.Data.Ef\Payroll.Data.Ef.csproj", "{43251E49-5DD3-4827-8E16-AC3693A9F900}"
EndProject
Global
	GlobalSection(SolutionConfigurationPlatforms) = preSolution
		Debug|Any CPU = Debug|Any CPU
		Debug|x64 = Debug|x64
		Debug|x86 = Debug|x86
		Release|Any CPU = Release|Any CPU
		Release|x64 = Release|x64
		Release|x86 = Release|x86
	EndGlobalSection
	GlobalSection(ProjectConfigurationPlatforms) = postSolution
		{DCED4B9F-4D8A-43C7-85F3-69FD797BE02C}.Debug|Any CPU.ActiveCfg = Debug|Any CPU
		{DCED4B9F-4D8A-43C7-85F3-69FD797BE02C}.Debug|Any CPU.Build.0 = Debug|Any CPU
		{DCED4B9F-4D8A-43C7-85F3-69FD797BE02C}.Debug|x64.ActiveCfg = Debug|Any CPU
		{DCED4B9F-4D8A-43C7-85F3-69FD797BE02C}.Debug|x64.Build.0 = Debug|Any CPU
		{DCED4B9F-4D8A-43C7-85F3-69FD797BE02C}.Debug|x86.ActiveCfg = Debug|Any CPU
		{DCED4B9F-4D8A-43C7-85F3-69FD797BE02C}.Debug|x86.Build.0 = Debug|Any CPU
		{DCED4B9F-4D8A-43C7-85F3-69FD797BE02C}.Release|Any CPU.ActiveCfg = Release|Any CPU
		{DCED4B9F-4D8A-43C7-85F3-69FD797BE02C}.Release|Any CPU.Build.0 = Release|Any CPU
		{DCED4B9F-4D8A-43C7-85F3-69FD797BE02C}.Release|x64.ActiveCfg = Release|Any CPU
		{DCED4B9F-4D8A-43C7-85F3-69FD797BE02C}.Release|x64.Build.0 = Release|Any CPU
		{DCED4B9F-4D8A-43C7-85F3-69FD797BE02C}.Release|x86.ActiveCfg = Release|Any CPU
		{DCED4B9F-4D8A-43C7-85F3-69FD797BE02C}.Release|x86.Build.0 = Release|Any CPU
		{C44C9FB1-103A-4BCF-A384-15F01B2D84E7}.Debug|Any CPU.ActiveCfg = Debug|Any CPU
		{C44C9FB1-103A-4BCF-A384-15F01B2D84E7}.Debug|Any CPU.Build.0 = Debug|Any CPU
		{C44C9FB1-103A-4BCF-A384-15F01B2D84E7}.Debug|x64.ActiveCfg = Debug|Any CPU
		{C44C9FB1-103A-4BCF-A384-15F01B2D84E7}.Debug|x64.Build.0 = Debug|Any CPU
		{C44C9FB1-103A-4BCF-A384-15F01B2D84E7}.Debug|x86.ActiveCfg = Debug|Any CPU
		{C44C9FB1-103A-4BCF-A384-15F01B2D84E7}.Debug|x86.Build.0 = Debug|Any CPU
		{C44C9FB1-103A-4BCF-A384-15F01B2D84E7}.Release|Any CPU.ActiveCfg = Release|Any CPU
		{C44C9FB1-103A-4BCF-A384-15F01B2D84E7}.Release|Any CPU.Build.0 = Release|Any CPU
		{C44C9FB1-103A-4BCF-A384-15F01B2D84E7}.Release|x64.ActiveCfg = Release|Any CPU
		{C44C9FB1-103A-4BCF-A384-15F01B2D84E7}.Release|x64.Build.0 = Release|Any CPU
		{C44C9FB1-103A-4BCF-A384-15F01B2D84E7}.Release|x86.ActiveCfg = Release|Any CPU
		{C44C9FB1-103A-4BCF-A384-15F01B2D84E7}.Release|x86.Build.0 = Release|Any CPU
		{43251E49-5DD3-4827-8E16-AC3693A9F900}.Debug|Any CPU.ActiveCfg = Debug|Any CPU
		{43251E49-5DD3-4827-8E16-AC3693A9F900}.Debug|Any CPU.Build.0 = Debug|Any CPU
		{43251E49-5DD3-4827-8E16-AC3693A9F900}.Debug|x64.ActiveCfg = Debug|Any CPU
		{43251E49-5DD3-4827-8E16-AC3693A9F900}.Debug|x64.Build.0 = Debug|Any CPU
		{43251E49-5DD3-4827-8E16-AC3693A9F900}.Debug|x86.ActiveCfg = Debug|Any CPU
		{43251E49-5DD3-4827-8E16-AC3693A9F900}.Debug|x86.Build.0 = Debug|Any CPU
		{43251E49-5DD3-4827-8E16-AC3693A9F900}.Release|Any CPU.ActiveCfg = Release|Any CPU
		{43251E49-5DD3-4827-8E16-AC3693A9F900}.Release|Any CPU.Build.0 = Release|Any CPU
		{43251E49-5DD3-4827-8E16-AC3693A9F900}.Release|x64.ActiveCfg = Release|Any CPU
		{43251E49-5DD3-4827-8E16-AC3693A9F900}.Release|x64.Build.0 = Release|Any CPU
		{43251E49-5DD3-4827-8E16-AC3693A9F900}.Release|x86.ActiveCfg = Release|Any CPU
		{43251E49-5DD3-4827-8E16-AC3693A9F900}.Release|x86.Build.0 = Release|Any CPU
	EndGlobalSection
	GlobalSection(SolutionProperties) = preSolution
		HideSolutionNode = FALSE
	EndGlobalSection
EndGlobal
